
Microsoft Visual Studio Solution File, Format Version 12.00
# Visual Studio Version 16
VisualStudioVersion = 16.0.32413.511
MinimumVisualStudioVersion = 10.0.40219.1
Project("{FAE04EC0-301F-11D3-BF4B-00C04F79EFBC}") = "MyXamarinApp.Android", "MyXamarinApp\MyXamarinApp.Android\MyXamarinApp.Android.csproj", "{708A1544-EC9D-4909-9ED4-C7B16B2B09A0}"
EndProject
Project("{FAE04EC0-301F-11D3-BF4B-00C04F79EFBC}") = "MyXamarinApp.iOS", "MyXamarinApp\MyXamarinApp.iOS\MyXamarinApp.iOS.csproj", "{15C199C5-064C-4935-8859-001BC8682F1C}"
EndProject
Project("{FAE04EC0-301F-11D3-BF4B-00C04F79EFBC}") = "MyXamarinApp", "MyXamarinApp\MyXamarinApp\MyXamarinApp.csproj", "{C2D40383-8554-48AD-BDC7-07701B14BA49}"
EndProject
Global
	GlobalSection(SolutionConfigurationPlatforms) = preSolution
		Debug|Any CPU = Debug|Any CPU
		Debug|iPhone = Debug|iPhone
		Debug|iPhoneSimulator = Debug|iPhoneSimulator
		Release|Any CPU = Release|Any CPU
		Release|iPhone = Release|iPhone
		Release|iPhoneSimulator = Release|iPhoneSimulator
	EndGlobalSection
	GlobalSection(ProjectConfigurationPlatforms) = postSolution
		{708A1544-EC9D-4909-9ED4-C7B16B2B09A0}.Debug|Any CPU.ActiveCfg = Debug|Any CPU
		{708A1544-EC9D-4909-9ED4-C7B16B2B09A0}.Debug|Any CPU.Build.0 = Debug|Any CPU
		{708A1544-EC9D-4909-9ED4-C7B16B2B09A0}.Debug|Any CPU.Deploy.0 = Debug|Any CPU
		{708A1544-EC9D-4909-9ED4-C7B16B2B09A0}.Debug|iPhone.ActiveCfg = Debug|Any CPU
		{708A1544-EC9D-4909-9ED4-C7B16B2B09A0}.Debug|iPhone.Build.0 = Debug|Any CPU
		{708A1544-EC9D-4909-9ED4-C7B16B2B09A0}.Debug|iPhone.Deploy.0 = Debug|Any CPU
		{708A1544-EC9D-4909-9ED4-C7B16B2B09A0}.Debug|iPhoneSimulator.ActiveCfg = Debug|Any CPU
		{708A1544-EC9D-4909-9ED4-C7B16B2B09A0}.Debug|iPhoneSimulator.Build.0 = Debug|Any CPU
		{708A1544-EC9D-4909-9ED4-C7B16B2B09A0}.Debug|iPhoneSimulator.Deploy.0 = Debug|Any CPU
		{708A1544-EC9D-4909-9ED4-C7B16B2B09A0}.Release|Any CPU.ActiveCfg = Release|Any CPU
		{708A1544-EC9D-4909-9ED4-C7B16B2B09A0}.Release|Any CPU.Build.0 = Release|Any CPU
		{708A1544-EC9D-4909-9ED4-C7B16B2B09A0}.Release|Any CPU.Deploy.0 = Release|Any CPU
		{708A1544-EC9D-4909-9ED4-C7B16B2B09A0}.Release|iPhone.ActiveCfg = Release|Any CPU
		{708A1544-EC9D-4909-9ED4-C7B16B2B09A0}.Release|iPhone.Build.0 = Release|Any CPU
		{708A1544-EC9D-4909-9ED4-C7B16B2B09A0}.Release|iPhone.Deploy.0 = Release|Any CPU
		{708A1544-EC9D-4909-9ED4-C7B16B2B09A0}.Release|iPhoneSimulator.ActiveCfg = Release|Any CPU
		{708A1544-EC9D-4909-9ED4-C7B16B2B09A0}.Release|iPhoneSimulator.Build.0 = Release|Any CPU
		{708A1544-EC9D-4909-9ED4-C7B16B2B09A0}.Release|iPhoneSimulator.Deploy.0 = Release|Any CPU
		{15C199C5-064C-4935-8859-001BC8682F1C}.Debug|Any CPU.ActiveCfg = Debug|iPhone
		{15C199C5-064C-4935-8859-001BC8682F1C}.Debug|Any CPU.Build.0 = Debug|iPhone
		{15C199C5-064C-4935-8859-001BC8682F1C}.Debug|Any CPU.Deploy.0 = Debug|iPhone
		{15C199C5-064C-4935-8859-001BC8682F1C}.Debug|iPhone.ActiveCfg = Debug|iPhone
		{15C199C5-064C-4935-8859-001BC8682F1C}.Debug|iPhone.Build.0 = Debug|iPhone
		{15C199C5-064C-4935-8859-001BC8682F1C}.Debug|iPhone.Deploy.0 = Debug|iPhone
		{15C199C5-064C-4935-8859-001BC8682F1C}.Debug|iPhoneSimulator.ActiveCfg = Debug|iPhoneSimulator
		{15C199C5-064C-4935-8859-001BC8682F1C}.Debug|iPhoneSimulator.Build.0 = Debug|iPhoneSimulator
		{15C199C5-064C-4935-8859-001BC8682F1C}.Debug|iPhoneSimulator.Deploy.0 = Debug|iPhoneSimulator
		{15C199C5-064C-4935-8859-001BC8682F1C}.Release|Any CPU.ActiveCfg = Release|iPhoneSimulator
		{15C199C5-064C-4935-8859-001BC8682F1C}.Release|Any CPU.Build.0 = Release|iPhoneSimulator
		{15C199C5-064C-4935-8859-001BC8682F1C}.Release|Any CPU.Deploy.0 = Release|iPhoneSimulator
		{15C199C5-064C-4935-8859-001BC8682F1C}.Release|iPhone.ActiveCfg = Release|iPhone
		{15C199C5-064C-4935-8859-001BC8682F1C}.Release|iPhone.Build.0 = Release|iPhone
		{15C199C5-064C-4935-8859-001BC8682F1C}.Release|iPhone.Deploy.0 = Release|iPhone
		{15C199C5-064C-4935-8859-001BC8682F1C}.Release|iPhoneSimulator.ActiveCfg = Release|iPhoneSimulator
		{15C199C5-064C-4935-8859-001BC8682F1C}.Release|iPhoneSimulator.Build.0 = Release|iPhoneSimulator
		{15C199C5-064C-4935-8859-001BC8682F1C}.Release|iPhoneSimulator.Deploy.0 = Release|iPhoneSimulator
		{C2D40383-8554-48AD-BDC7-07701B14BA49}.Debug|Any CPU.ActiveCfg = Debug|Any CPU
		{C2D40383-8554-48AD-BDC7-07701B14BA49}.Debug|Any CPU.Build.0 = Debug|Any CPU
		{C2D40383-8554-48AD-BDC7-07701B14BA49}.Debug|Any CPU.Deploy.0 = Debug|Any CPU
		{C2D40383-8554-48AD-BDC7-07701B14BA49}.Debug|iPhone.ActiveCfg = Debug|Any CPU
		{C2D40383-8554-48AD-BDC7-07701B14BA49}.Debug|iPhone.Build.0 = Debug|Any CPU
		{C2D40383-8554-48AD-BDC7-07701B14BA49}.Debug|iPhone.Deploy.0 = Debug|Any CPU
		{C2D40383-8554-48AD-BDC7-07701B14BA49}.Debug|iPhoneSimulator.ActiveCfg = Debug|Any CPU
		{C2D40383-8554-48AD-BDC7-07701B14BA49}.Debug|iPhoneSimulator.Build.0 = Debug|Any CPU
		{C2D40383-8554-48AD-BDC7-07701B14BA49}.Debug|iPhoneSimulator.Deploy.0 = Debug|Any CPU
		{C2D40383-8554-48AD-BDC7-07701B14BA49}.Release|Any CPU.ActiveCfg = Release|Any CPU
		{C2D40383-8554-48AD-BDC7-07701B14BA49}.Release|Any CPU.Build.0 = Release|Any CPU
		{C2D40383-8554-48AD-BDC7-07701B14BA49}.Release|Any CPU.Deploy.0 = Release|Any CPU
		{C2D40383-8554-48AD-BDC7-07701B14BA49}.Release|iPhone.ActiveCfg = Release|Any CPU
		{C2D40383-8554-48AD-BDC7-07701B14BA49}.Release|iPhone.Build.0 = Release|Any CPU
		{C2D40383-8554-48AD-BDC7-07701B14BA49}.Release|iPhone.Deploy.0 = Release|Any CPU
		{C2D40383-8554-48AD-BDC7-07701B14BA49}.Release|iPhoneSimulator.ActiveCfg = Release|Any CPU
		{C2D40383-8554-48AD-BDC7-07701B14BA49}.Release|iPhoneSimulator.Build.0 = Release|Any CPU
		{C2D40383-8554-48AD-BDC7-07701B14BA49}.Release|iPhoneSimulator.Deploy.0 = Release|Any CPU
	EndGlobalSection
	GlobalSection(SolutionProperties) = preSolution
		HideSolutionNode = FALSE
	EndGlobalSection
	GlobalSection(ExtensibilityGlobals) = postSolution
		SolutionGuid = {2D60C2E9-5942-449E-913F-D651B52A7893}
	EndGlobalSection
EndGlobal
